{
  "nodes": {
    "nixpkgs": {
      "locked": {
        "lastModified": 1735426725,
        "narHash": "sha256-bzwL5IIrnM4LUdi6Nj0/S9P6dkfoQLAqcY8YD2+Lmxo=",
        "owner": "nixos",
        "repo": "nixpkgs",
        "rev": "6488d4dbbe8d4add3b28970ed0d1448506ab2968",
        "type": "github"
      },
      "original": {
        "owner": "nixos",
        "ref": "release-24.11",
        "repo": "nixpkgs",
        "type": "github"
      }
    },
    "root": {
      "inputs": {
        "nixpkgs": "nixpkgs"
      }
    }
  },
  "root": "root",
  "version": 7
}
